
Microsoft Visual Studio Solution File, Format Version 11.00
# Visual Studio 2010
Project("{FAE04EC0-301F-11D3-BF4B-00C04F79EFBC}") = "ConventionTests", "ConventionTests\ConventionTests.csproj", "{1E12EA0C-9182-4029-991A-B0B9D38F5783}"
EndProject
Project("{FAE04EC0-301F-11D3-BF4B-00C04F79EFBC}") = "TestStack.ConventionTests", "TestStack.ConventionTests\TestStack.ConventionTests.csproj", "{955B0236-089F-434D-BA02-63A1E24C2B7C}"
EndProject
Project("{FAE04EC0-301F-11D3-BF4B-00C04F79EFBC}") = "TestStack.ConventionTests.Tests", "TestStack.ConventionTests.Tests\TestStack.ConventionTests.Tests.csproj", "{FEFF8305-A192-4CEA-A373-6CF2F365A9E5}"
EndProject
Global
	GlobalSection(SolutionConfigurationPlatforms) = preSolution
		Debug|Any CPU = Debug|Any CPU
		Release|Any CPU = Release|Any CPU
	EndGlobalSection
	GlobalSection(ProjectConfigurationPlatforms) = postSolution
		{1E12EA0C-9182-4029-991A-B0B9D38F5783}.Debug|Any CPU.ActiveCfg = Debug|Any CPU
		{1E12EA0C-9182-4029-991A-B0B9D38F5783}.Debug|Any CPU.Build.0 = Debug|Any CPU
		{1E12EA0C-9182-4029-991A-B0B9D38F5783}.Release|Any CPU.ActiveCfg = Release|Any CPU
		{1E12EA0C-9182-4029-991A-B0B9D38F5783}.Release|Any CPU.Build.0 = Release|Any CPU
		{955B0236-089F-434D-BA02-63A1E24C2B7C}.Debug|Any CPU.ActiveCfg = Debug|Any CPU
		{955B0236-089F-434D-BA02-63A1E24C2B7C}.Debug|Any CPU.Build.0 = Debug|Any CPU
		{955B0236-089F-434D-BA02-63A1E24C2B7C}.Release|Any CPU.ActiveCfg = Release|Any CPU
		{955B0236-089F-434D-BA02-63A1E24C2B7C}.Release|Any CPU.Build.0 = Release|Any CPU
		{FEFF8305-A192-4CEA-A373-6CF2F365A9E5}.Debug|Any CPU.ActiveCfg = Debug|Any CPU
		{FEFF8305-A192-4CEA-A373-6CF2F365A9E5}.Debug|Any CPU.Build.0 = Debug|Any CPU
		{FEFF8305-A192-4CEA-A373-6CF2F365A9E5}.Release|Any CPU.ActiveCfg = Release|Any CPU
		{FEFF8305-A192-4CEA-A373-6CF2F365A9E5}.Release|Any CPU.Build.0 = Release|Any CPU
	EndGlobalSection
	GlobalSection(SolutionProperties) = preSolution
		HideSolutionNode = FALSE
	EndGlobalSection
EndGlobal
